
Microsoft Visual Studio Solution File, Format Version 12.00
# Visual Studio Version 17
VisualStudioVersion = 17.0.31903.59
MinimumVisualStudioVersion = 10.0.40219.1
Project("{FAE04EC0-301F-11D3-BF4B-00C04F79EFBC}") = "LoanApi.Domain", "LoanApi.Domain\LoanApi.Domain.csproj", "{6D89C311-2B18-4F8F-8633-2B118D1C599F}"
EndProject
Project("{FAE04EC0-301F-11D3-BF4B-00C04F79EFBC}") = "LoanApi.Application", "LoanApi.Application\LoanApi.Application.csproj", "{64FCE892-D4F3-4E6E-8578-C4619CE3D5CB}"
EndProject
Project("{FAE04EC0-301F-11D3-BF4B-00C04F79EFBC}") = "LoanApi.Infrastructure", "LoanApi.Infrastructure\LoanApi.Infrastructure.csproj", "{2BFF2613-35EE-47BA-BC2C-F262EBFE8260}"
EndProject
Project("{FAE04EC0-301F-11D3-BF4B-00C04F79EFBC}") = "LoanApi.Api", "LoanApi.Api\LoanApi.Api.csproj", "{859F4109-B651-4806-AEC5-C5EBA4C422B2}"
EndProject
Project("{FAE04EC0-301F-11D3-BF4B-00C04F79EFBC}") = "LoanApi.Tests", "LoanApi.Tests\LoanApi.Tests.csproj", "{982AD17F-1EDF-4CD9-B880-708D19DC9E3E}"
EndProject
Global
	GlobalSection(SolutionConfigurationPlatforms) = preSolution
		Debug|Any CPU = Debug|Any CPU
		Debug|x64 = Debug|x64
		Debug|x86 = Debug|x86
		Release|Any CPU = Release|Any CPU
		Release|x64 = Release|x64
		Release|x86 = Release|x86
	EndGlobalSection
	GlobalSection(ProjectConfigurationPlatforms) = postSolution
		{6D89C311-2B18-4F8F-8633-2B118D1C599F}.Debug|Any CPU.ActiveCfg = Debug|Any CPU
		{6D89C311-2B18-4F8F-8633-2B118D1C599F}.Debug|Any CPU.Build.0 = Debug|Any CPU
		{6D89C311-2B18-4F8F-8633-2B118D1C599F}.Debug|x64.ActiveCfg = Debug|Any CPU
		{6D89C311-2B18-4F8F-8633-2B118D1C599F}.Debug|x64.Build.0 = Debug|Any CPU
		{6D89C311-2B18-4F8F-8633-2B118D1C599F}.Debug|x86.ActiveCfg = Debug|Any CPU
		{6D89C311-2B18-4F8F-8633-2B118D1C599F}.Debug|x86.Build.0 = Debug|Any CPU
		{6D89C311-2B18-4F8F-8633-2B118D1C599F}.Release|Any CPU.ActiveCfg = Release|Any CPU
		{6D89C311-2B18-4F8F-8633-2B118D1C599F}.Release|Any CPU.Build.0 = Release|Any CPU
		{6D89C311-2B18-4F8F-8633-2B118D1C599F}.Release|x64.ActiveCfg = Release|Any CPU
		{6D89C311-2B18-4F8F-8633-2B118D1C599F}.Release|x64.Build.0 = Release|Any CPU
		{6D89C311-2B18-4F8F-8633-2B118D1C599F}.Release|x86.ActiveCfg = Release|Any CPU
		{6D89C311-2B18-4F8F-8633-2B118D1C599F}.Release|x86.Build.0 = Release|Any CPU
		{64FCE892-D4F3-4E6E-8578-C4619CE3D5CB}.Debug|Any CPU.ActiveCfg = Debug|Any CPU
		{64FCE892-D4F3-4E6E-8578-C4619CE3D5CB}.Debug|Any CPU.Build.0 = Debug|Any CPU
		{64FCE892-D4F3-4E6E-8578-C4619CE3D5CB}.Debug|x64.ActiveCfg = Debug|Any CPU
		{64FCE892-D4F3-4E6E-8578-C4619CE3D5CB}.Debug|x64.Build.0 = Debug|Any CPU
		{64FCE892-D4F3-4E6E-8578-C4619CE3D5CB}.Debug|x86.ActiveCfg = Debug|Any CPU
		{64FCE892-D4F3-4E6E-8578-C4619CE3D5CB}.Debug|x86.Build.0 = Debug|Any CPU
		{64FCE892-D4F3-4E6E-8578-C4619CE3D5CB}.Release|Any CPU.ActiveCfg = Release|Any CPU
		{64FCE892-D4F3-4E6E-8578-C4619CE3D5CB}.Release|Any CPU.Build.0 = Release|Any CPU
		{64FCE892-D4F3-4E6E-8578-C4619CE3D5CB}.Release|x64.ActiveCfg = Release|Any CPU
		{64FCE892-D4F3-4E6E-8578-C4619CE3D5CB}.Release|x64.Build.0 = Release|Any CPU
		{64FCE892-D4F3-4E6E-8578-C4619CE3D5CB}.Release|x86.ActiveCfg = Release|Any CPU
		{64FCE892-D4F3-4E6E-8578-C4619CE3D5CB}.Release|x86.Build.0 = Release|Any CPU
		{2BFF2613-35EE-47BA-BC2C-F262EBFE8260}.Debug|Any CPU.ActiveCfg = Debug|Any CPU
		{2BFF2613-35EE-47BA-BC2C-F262EBFE8260}.Debug|Any CPU.Build.0 = Debug|Any CPU
		{2BFF2613-35EE-47BA-BC2C-F262EBFE8260}.Debug|x64.ActiveCfg = Debug|Any CPU
		{2BFF2613-35EE-47BA-BC2C-F262EBFE8260}.Debug|x64.Build.0 = Debug|Any CPU
		{2BFF2613-35EE-47BA-BC2C-F262EBFE8260}.Debug|x86.ActiveCfg = Debug|Any CPU
		{2BFF2613-35EE-47BA-BC2C-F262EBFE8260}.Debug|x86.Build.0 = Debug|Any CPU
		{2BFF2613-35EE-47BA-BC2C-F262EBFE8260}.Release|Any CPU.ActiveCfg = Release|Any CPU
		{2BFF2613-35EE-47BA-BC2C-F262EBFE8260}.Release|Any CPU.Build.0 = Release|Any CPU
		{2BFF2613-35EE-47BA-BC2C-F262EBFE8260}.Release|x64.ActiveCfg = Release|Any CPU
		{2BFF2613-35EE-47BA-BC2C-F262EBFE8260}.Release|x64.Build.0 = Release|Any CPU
		{2BFF2613-35EE-47BA-BC2C-F262EBFE8260}.Release|x86.ActiveCfg = Release|Any CPU
		{2BFF2613-35EE-47BA-BC2C-F262EBFE8260}.Release|x86.Build.0 = Release|Any CPU
		{859F4109-B651-4806-AEC5-C5EBA4C422B2}.Debug|Any CPU.ActiveCfg = Debug|Any CPU
		{859F4109-B651-4806-AEC5-C5EBA4C422B2}.Debug|Any CPU.Build.0 = Debug|Any CPU
		{859F4109-B651-4806-AEC5-C5EBA4C422B2}.Debug|x64.ActiveCfg = Debug|Any CPU
		{859F4109-B651-4806-AEC5-C5EBA4C422B2}.Debug|x64.Build.0 = Debug|Any CPU
		{859F4109-B651-4806-AEC5-C5EBA4C422B2}.Debug|x86.ActiveCfg = Debug|Any CPU
		{859F4109-B651-4806-AEC5-C5EBA4C422B2}.Debug|x86.Build.0 = Debug|Any CPU
		{859F4109-B651-4806-AEC5-C5EBA4C422B2}.Release|Any CPU.ActiveCfg = Release|Any CPU
		{859F4109-B651-4806-AEC5-C5EBA4C422B2}.Release|Any CPU.Build.0 = Release|Any CPU
		{859F4109-B651-4806-AEC5-C5EBA4C422B2}.Release|x64.ActiveCfg = Release|Any CPU
		{859F4109-B651-4806-AEC5-C5EBA4C422B2}.Release|x64.Build.0 = Release|Any CPU
		{859F4109-B651-4806-AEC5-C5EBA4C422B2}.Release|x86.ActiveCfg = Release|Any CPU
		{859F4109-B651-4806-AEC5-C5EBA4C422B2}.Release|x86.Build.0 = Release|Any CPU
		{982AD17F-1EDF-4CD9-B880-708D19DC9E3E}.Debug|Any CPU.ActiveCfg = Debug|Any CPU
		{982AD17F-1EDF-4CD9-B880-708D19DC9E3E}.Debug|Any CPU.Build.0 = Debug|Any CPU
		{982AD17F-1EDF-4CD9-B880-708D19DC9E3E}.Debug|x64.ActiveCfg = Debug|Any CPU
		{982AD17F-1EDF-4CD9-B880-708D19DC9E3E}.Debug|x64.Build.0 = Debug|Any CPU
		{982AD17F-1EDF-4CD9-B880-708D19DC9E3E}.Debug|x86.ActiveCfg = Debug|Any CPU
		{982AD17F-1EDF-4CD9-B880-708D19DC9E3E}.Debug|x86.Build.0 = Debug|Any CPU
		{982AD17F-1EDF-4CD9-B880-708D19DC9E3E}.Release|Any CPU.ActiveCfg = Release|Any CPU
		{982AD17F-1EDF-4CD9-B880-708D19DC9E3E}.Release|Any CPU.Build.0 = Release|Any CPU
		{982AD17F-1EDF-4CD9-B880-708D19DC9E3E}.Release|x64.ActiveCfg = Release|Any CPU
		{982AD17F-1EDF-4CD9-B880-708D19DC9E3E}.Release|x64.Build.0 = Release|Any CPU
		{982AD17F-1EDF-4CD9-B880-708D19DC9E3E}.Release|x86.ActiveCfg = Release|Any CPU
		{982AD17F-1EDF-4CD9-B880-708D19DC9E3E}.Release|x86.Build.0 = Release|Any CPU
	EndGlobalSection
	GlobalSection(SolutionProperties) = preSolution
		HideSolutionNode = FALSE
	EndGlobalSection
EndGlobal
